
Microsoft Visual Studio Solution File, Format Version 12.00
# Visual Studio 15
VisualStudioVersion = 15.0.28307.1500
MinimumVisualStudioVersion = 10.0.40219.1
Project("{9A19103F-16F7-4668-BE54-9A1E7A4F7556}") = "JobSite", "JobSite.csproj", "{3C015987-FE17-4F7F-A788-60372E63C467}"
EndProject
Global
	GlobalSection(SolutionConfigurationPlatforms) = preSolution
		Debug|Any CPU = Debug|Any CPU
		Release|Any CPU = Release|Any CPU
	EndGlobalSection
	GlobalSection(ProjectConfigurationPlatforms) = postSolution
		{3C015987-FE17-4F7F-A788-60372E63C467}.Debug|Any CPU.ActiveCfg = Debug|Any CPU
		{3C015987-FE17-4F7F-A788-60372E63C467}.Debug|Any CPU.Build.0 = Debug|Any CPU
		{3C015987-FE17-4F7F-A788-60372E63C467}.Release|Any CPU.ActiveCfg = Release|Any CPU
		{3C015987-FE17-4F7F-A788-60372E63C467}.Release|Any CPU.Build.0 = Release|Any CPU
	EndGlobalSection
	GlobalSection(SolutionProperties) = preSolution
		HideSolutionNode = FALSE
	EndGlobalSection
	GlobalSection(ExtensibilityGlobals) = postSolution
		SolutionGuid = {6FF885CA-E81D-4CAB-A61D-5A4C670F7B98}
	EndGlobalSection
EndGlobal
